<Solution>
  <Folder Name="/aevatar-kit/">
    <Project Path="aevatar-kit\src\AevatarKit.Api\AevatarKit.Api.csproj" />
    <Project Path="aevatar-kit\src\AevatarKit.Core\AevatarKit.Core.csproj" />
    <Project Path="aevatar-kit\src\AevatarKit.Runtime\AevatarKit.Runtime.csproj" />
    <File Path="aevatar-kit\docs\PLAN.md" />
    <File Path="aevatar-kit\docs\README.md" />
  </Folder>
  <Folder Name="/agents/">
    <Project Path="agents\Aevatar.Agents.Chat\Aevatar.Agents.Chat.csproj" />
    <Project Path="agents\Aevatar.Agents.Translation\Aevatar.Agents.Translation.csproj" />
    <Project Path="agents\Aevatar.Agents.Twitter\Aevatar.Agents.Twitter.csproj" />
    <Project Path="agents\Aevatar.Agents.Workflow\Aevatar.Agents.Workflow.csproj" />
    <Project Path="agents\Aevatar.Playground\Aevatar.Playground.csproj" />
  </Folder>
  <Folder Name="/apps/">
    <Project Path="apps/Aevatar.AppHost/Aevatar.AppHost.csproj" />
    <Project Path="apps/AxiomReasoning.AppHost/AxiomReasoning.AppHost.csproj" />
    <Project Path="apps/CognitiveMesh.AppHost/CognitiveMesh.AppHost.csproj" />
    <Project Path="apps/MakerSystem.AppHost/MakerSystem.AppHost.csproj" />
    <Project Path="apps/PaperReview.AppHost/PaperReview.AppHost.csproj" />
  </Folder>
  <Folder Name="/cognitive-mesh/">
    <Project Path="cognitive-mesh/Aevatar.CognitiveMesh.Abstractions/Aevatar.CognitiveMesh.Abstractions.csproj" />
    <Project Path="cognitive-mesh/Aevatar.CognitiveMesh.Dsl/Aevatar.CognitiveMesh.Dsl.csproj" />
    <Project Path="cognitive-mesh/Aevatar.CognitiveMesh/Aevatar.CognitiveMesh.csproj" />
    <Project Path="cognitive-mesh/Aevatar.PaperReview/Aevatar.PaperReview.csproj" />
    <Project Path="cognitive-mesh\Aevatar.AxiomReasoning\Aevatar.AxiomReasoning.csproj" Type="C#" />
    <File Path="cognitive-mesh/README.md" />
  </Folder>
  <Folder Name="/cognitive-mesh/docs/">
    <File Path="cognitive-mesh\docs\DESIGN_DECISIONS.md" />
    <File Path="cognitive-mesh\docs\DSL.md" />
    <File Path="cognitive-mesh\docs\IMPLEMENTATION_STATUS.md" />
    <File Path="cognitive-mesh\docs\PRD.md" />
    <File Path="cognitive-mesh\docs\README.md" />
    <File Path="cognitive-mesh\docs\ROADMAP.md" />
    <File Path="cognitive-mesh\docs\CONCEPT.md" />
    <File Path="cognitive-mesh\docs\ARCHITECTURE.md" />
  </Folder>
  <Folder Name="/docs/">
    <File Path="docs\AEVATAR_FRAMEWORK_GUIDE.md" />
    <File Path="docs\CONSTITUTION.md" />
    <File Path="docs\ARCHITECTURE_REFERENCE.md" />
    <File Path="docs\AI_AGENT_MAKER_GUIDE.md" />
    <File Path="docs\ABP_ADMIN_UI_SETUP.md" />
    <File Path="docs\MAKER_ARCHITECTURAL_DESIGN.md" />
    <File Path="docs\MASSTRANSIT_INTEGRATION_PLAN.md" />
    <File Path="docs\MAKER_ARCHITECTURAL_DESIGN_zh.md" />
    <File Path="docs\MASSTRANSIT_INTEGRATION_GUIDE.md" />
  </Folder>
  <Folder Name="/examples/">
    <Project Path="examples\AIAgentWithToolDemo\AIAgentWithToolDemo.csproj" />
    <Project Path="examples\AIEventSourcingDemo\AIEventSourcingDemo.csproj" />
    <Project Path="examples\CreativeSystem\CreativeSystem.csproj" />
    <Project Path="examples\Demo.Agents\Demo.Agents.csproj" />
    <Project Path="examples\Demo.Api\Demo.Api.csproj" />
    <Project Path="examples\Demo.AppHost\Demo.AppHost.csproj" />
    <Project Path="examples\DotNetFileSkillDemo\DotNetFileSkillDemo.csproj" Type="C#" />
    <Project Path="examples\EventSourcingDemo\EventSourcingDemo.csproj" />
    <Project Path="examples\LlmTornadoDemo\LlmTornadoDemo.csproj" />
    <Project Path="examples\MakerSystem\MakerSystem.csproj" />
    <Project Path="examples\MCPToolDemo\MCPToolDemo.csproj" />
    <Project Path="examples\MemoryDemo\MemoryDemo.csproj" Type="Classic C#" />
    <Project Path="examples\MongoDBEventStoreDemo\MongoDBEventStoreDemo.csproj" />
    <Project Path="examples\SimpleDemo\SimpleDemo.csproj" />
    <Project Path="examples\SkillsMCPUnifiedDemo\SkillsMCPUnifiedDemo.csproj" Type="C#" />
    <Project Path="examples\StateStoreDemo\StateStoreDemo.csproj" />
  </Folder>
  <Folder Name="/plugins/">
    <Project Path="plugins\Aevatar.Agents.Plugins.CQRS\Aevatar.Agents.Plugins.CQRS.csproj" Type="C#" />
    <Project Path="plugins\Aevatar.Agents.Plugins.MassTransit\Aevatar.Agents.Plugins.MassTransit.csproj" Type="C#" />
  </Folder>
  <Folder Name="/src/">
    <Project Path="src\Aevatar.Agents.Abstractions\Aevatar.Agents.Abstractions.csproj" />
    <Project Path="src\Aevatar.Agents.AGUI\Aevatar.Agents.AGUI.csproj" Type="C#" />
    <Project Path="src\Aevatar.Agents.AI.Abstractions\Aevatar.Agents.AI.Abstractions.csproj" />
    <Project Path="src\Aevatar.Agents.AI.Core\Aevatar.Agents.AI.Core.csproj" />
    <Project Path="src\Aevatar.Agents.AI.LLMTornado\Aevatar.Agents.AI.LLMTornado.csproj" />
    <Project Path="src\Aevatar.Agents.AI.MEAI\Aevatar.Agents.AI.MEAI.csproj" />
    <Project Path="src\Aevatar.Agents.AI.WithProcessStrategy\Aevatar.Agents.AI.WithProcessStrategy.csproj" />
    <Project Path="src\Aevatar.Agents.AI.WithTool\Aevatar.Agents.AI.WithTool.csproj" />
    <Project Path="src\Aevatar.Agents.Cognitive\Aevatar.Agents.Cognitive.csproj" Type="C#" />
    <Project Path="src\Aevatar.Agents.Core\Aevatar.Agents.Core.csproj" />
    <Project Path="src\Aevatar.Agents.CreativeReasoning\Aevatar.Agents.CreativeReasoning.csproj" />
    <Project Path="src\Aevatar.Agents.Maker\Aevatar.Agents.Maker.csproj" />
    <Project Path="src\Aevatar.Agents.Persistence.MongoDB\Aevatar.Agents.Persistence.MongoDB.csproj" />
    <Project Path="src\Aevatar.Agents.Persistence.Supabase\Aevatar.Agents.Persistence.Supabase.csproj" />
    <Project Path="src\Aevatar.Agents.Runtime.Local\Aevatar.Agents.Runtime.Local.csproj" />
    <Project Path="src\Aevatar.Agents.Runtime.Orleans.MongoDB\Aevatar.Agents.Runtime.Orleans.MongoDB.csproj" />
    <Project Path="src\Aevatar.Agents.Runtime.Orleans\Aevatar.Agents.Runtime.Orleans.csproj" />
    <Project Path="src\Aevatar.Agents.Runtime.ProtoActor\Aevatar.Agents.Runtime.ProtoActor.csproj" />
    <Project Path="src\Aevatar.Agents.Runtime\Aevatar.Agents.Runtime.csproj" />
  </Folder>
  <Folder Name="/test/">
    <Project Path="test/Aevatar.Agents.AI.Core.Tests/Aevatar.Agents.AI.Core.Tests.csproj" />
    <Project Path="test/Aevatar.Agents.Maker.Tests/Aevatar.Agents.Maker.Tests.csproj" />
    <Project Path="test\Aevatar.Agents.Abstractions.Tests\Aevatar.Agents.Abstractions.Tests.csproj" />
    <Project Path="test\Aevatar.Agents.AI.Abstractions.Tests\Aevatar.Agents.AI.Abstractions.Tests.csproj" />
    <Project Path="test\Aevatar.Agents.AI.LLMTornado.Tests\Aevatar.Agents.AI.LLMTornado.Tests.csproj" />
    <Project Path="test\Aevatar.Agents.AI.Tests\Aevatar.Agents.AI.Tests.csproj" />
    <Project Path="test\Aevatar.Agents.Core.Tests.Agents\Aevatar.Agents.Core.Tests.Agents.csproj" />
    <Project Path="test\Aevatar.Agents.Core.Tests\Aevatar.Agents.Core.Tests.csproj" />
    <Project Path="test\Aevatar.Agents.Local.Tests\Aevatar.Agents.Local.Tests.csproj" />
    <Project Path="test\Aevatar.Agents.Orleans.MongoDB.Tests\Aevatar.Agents.Orleans.MongoDB.Tests.csproj" />
    <Project Path="test\Aevatar.Agents.Orleans.Tests\Aevatar.Agents.Orleans.Tests.csproj" />
    <Project Path="test\Aevatar.Agents.Persistence.MongoDB.Tests\Aevatar.Agents.Persistence.MongoDB.Tests.csproj" />
    <Project Path="test\Aevatar.Agents.Persistence.Supabase.Tests\Aevatar.Agents.Persistence.Supabase.Tests.csproj" />
    <Project Path="test\Aevatar.Agents.Plugins.MassTransit.Tests\Aevatar.Agents.Plugins.MassTransit.Tests.csproj" />
    <Project Path="test\Aevatar.Agents.ProtoActor.Tests\Aevatar.Agents.ProtoActor.Tests.csproj" />
    <Project Path="test\Aevatar.Agents.TestBase\Aevatar.Agents.TestBase.csproj" />
    <Project Path="test\Aevatar.Agents.Twitter.Tests\Aevatar.Agents.Twitter.Tests.csproj" />
    <Project Path="test\Aevatar.Agents.Workflow.Tests\Aevatar.Agents.Workflow.Tests.csproj" />
    <Project Path="test\Aevatar.CognitiveMesh.Dsl.Tests\Aevatar.CognitiveMesh.Dsl.Tests.csproj" Type="C#" />
    <Project Path="test\Aevatar.PaperReview.Tests\Aevatar.PaperReview.Tests.csproj" Type="C#" />
    <File Path="test/README.md" />
    <File Path="test\UnitTestDesign.md" />
  </Folder>
</Solution>