Microsoft Visual Studio Solution File, Format Version 12.00
# Visual Studio Version 17
VisualStudioVersion = 17.5.2.0
MinimumVisualStudioVersion = 10.0.40219.1
Project("{2150E333-8FDC-42A3-9474-1A3956D46DE8}") = "test", "test", "{0C88DD14-F956-CE84-757C-A364CCF449FC}"
EndProject
Project("{2150E333-8FDC-42A3-9474-1A3956D46DE8}") = "examples", "examples", "{B36A84DF-456D-A817-6EDD-3EC3E7F6E11F}"
EndProject
Project("{2150E333-8FDC-42A3-9474-1A3956D46DE8}") = "src", "src", "{827E0CD3-B72D-47B6-A68D-7590B98EB39B}"
EndProject
Project("{FAE04EC0-301F-11D3-BF4B-00C04F79EFBC}") = "Aevatar.Agents.Orleans.Tests", "test\Aevatar.Agents.Orleans.Tests\Aevatar.Agents.Orleans.Tests.csproj", "{BF8FD084-94F8-38DE-BB18-5E564AAEEDD9}"
EndProject
Project("{FAE04EC0-301F-11D3-BF4B-00C04F79EFBC}") = "Aevatar.Agents.TestBase", "test\Aevatar.Agents.TestBase\Aevatar.Agents.TestBase.csproj", "{3A181091-945D-D9F2-951D-DCB14B69B68A}"
EndProject
Project("{FAE04EC0-301F-11D3-BF4B-00C04F79EFBC}") = "Aevatar.Agents.Local.Tests", "test\Aevatar.Agents.Local.Tests\Aevatar.Agents.Local.Tests.csproj", "{02DBF08A-77A4-D54A-CDB9-84AEF55EE3CE}"
EndProject
Project("{FAE04EC0-301F-11D3-BF4B-00C04F79EFBC}") = "Aevatar.Agents.Core.Tests", "test\Aevatar.Agents.Core.Tests\Aevatar.Agents.Core.Tests.csproj", "{64142C35-5D28-9C6F-9356-EDB128CDA5FD}"
EndProject
Project("{FAE04EC0-301F-11D3-BF4B-00C04F79EFBC}") = "Aevatar.Agents.ProtoActor.Tests", "test\Aevatar.Agents.ProtoActor.Tests\Aevatar.Agents.ProtoActor.Tests.csproj", "{81CBFB84-42B2-EDE0-F6C7-187E7EA3A8CD}"
EndProject
Project("{FAE04EC0-301F-11D3-BF4B-00C04F79EFBC}") = "EventSourcingDemo", "examples\EventSourcingDemo\EventSourcingDemo.csproj", "{D5B0E156-9609-7DC0-F469-3445A591CD80}"
EndProject
Project("{FAE04EC0-301F-11D3-BF4B-00C04F79EFBC}") = "Demo.Api", "examples\Demo.Api\Demo.Api.csproj", "{1F81DDF6-6613-A85D-2106-761138105F43}"
EndProject
Project("{FAE04EC0-301F-11D3-BF4B-00C04F79EFBC}") = "SimpleDemo", "examples\SimpleDemo\SimpleDemo.csproj", "{9A69BC31-758C-B43D-7B8C-D5E59ABE5753}"
EndProject
Project("{FAE04EC0-301F-11D3-BF4B-00C04F79EFBC}") = "Demo.Agents", "examples\Demo.Agents\Demo.Agents.csproj", "{236B9C71-C1DA-9711-1C47-D3F40EBF4C1C}"
EndProject
Project("{FAE04EC0-301F-11D3-BF4B-00C04F79EFBC}") = "Demo.AppHost", "examples\Demo.AppHost\Demo.AppHost.csproj", "{A617D695-90D4-FF10-6BEF-F3985638742C}"
EndProject
Project("{FAE04EC0-301F-11D3-BF4B-00C04F79EFBC}") = "Aevatar.Agents.ProtoActor", "src\Aevatar.Agents.ProtoActor\Aevatar.Agents.ProtoActor.csproj", "{7EC31B93-D144-FFF5-D8C3-75D5ECF3B25C}"
EndProject
Project("{FAE04EC0-301F-11D3-BF4B-00C04F79EFBC}") = "Aevatar.Agents.Orleans", "src\Aevatar.Agents.Orleans\Aevatar.Agents.Orleans.csproj", "{1267DBCE-791D-5C89-5AA0-522014FD6B0E}"
EndProject
Project("{FAE04EC0-301F-11D3-BF4B-00C04F79EFBC}") = "Aevatar.Agents.Core", "src\Aevatar.Agents.Core\Aevatar.Agents.Core.csproj", "{2D6533E1-AF95-C729-EE24-7AB9417FD7C9}"
EndProject
Project("{FAE04EC0-301F-11D3-BF4B-00C04F79EFBC}") = "Aevatar.Agents.Local", "src\Aevatar.Agents.Local\Aevatar.Agents.Local.csproj", "{003FBDD0-F83F-2A80-7358-AD199C923EE3}"
EndProject
Project("{FAE04EC0-301F-11D3-BF4B-00C04F79EFBC}") = "Aevatar.Agents.Abstractions", "src\Aevatar.Agents.Abstractions\Aevatar.Agents.Abstractions.csproj", "{B5BB82D0-E3FF-B6B6-195E-E0295A36CCB5}"
EndProject
Global
	GlobalSection(SolutionConfigurationPlatforms) = preSolution
		Debug|Any CPU = Debug|Any CPU
		Release|Any CPU = Release|Any CPU
	EndGlobalSection
	GlobalSection(ProjectConfigurationPlatforms) = postSolution
		{BF8FD084-94F8-38DE-BB18-5E564AAEEDD9}.Debug|Any CPU.ActiveCfg = Debug|Any CPU
		{BF8FD084-94F8-38DE-BB18-5E564AAEEDD9}.Debug|Any CPU.Build.0 = Debug|Any CPU
		{BF8FD084-94F8-38DE-BB18-5E564AAEEDD9}.Release|Any CPU.ActiveCfg = Release|Any CPU
		{BF8FD084-94F8-38DE-BB18-5E564AAEEDD9}.Release|Any CPU.Build.0 = Release|Any CPU
		{3A181091-945D-D9F2-951D-DCB14B69B68A}.Debug|Any CPU.ActiveCfg = Debug|Any CPU
		{3A181091-945D-D9F2-951D-DCB14B69B68A}.Debug|Any CPU.Build.0 = Debug|Any CPU
		{3A181091-945D-D9F2-951D-DCB14B69B68A}.Release|Any CPU.ActiveCfg = Release|Any CPU
		{3A181091-945D-D9F2-951D-DCB14B69B68A}.Release|Any CPU.Build.0 = Release|Any CPU
		{02DBF08A-77A4-D54A-CDB9-84AEF55EE3CE}.Debug|Any CPU.ActiveCfg = Debug|Any CPU
		{02DBF08A-77A4-D54A-CDB9-84AEF55EE3CE}.Debug|Any CPU.Build.0 = Debug|Any CPU
		{02DBF08A-77A4-D54A-CDB9-84AEF55EE3CE}.Release|Any CPU.ActiveCfg = Release|Any CPU
		{02DBF08A-77A4-D54A-CDB9-84AEF55EE3CE}.Release|Any CPU.Build.0 = Release|Any CPU
		{64142C35-5D28-9C6F-9356-EDB128CDA5FD}.Debug|Any CPU.ActiveCfg = Debug|Any CPU
		{64142C35-5D28-9C6F-9356-EDB128CDA5FD}.Debug|Any CPU.Build.0 = Debug|Any CPU
		{64142C35-5D28-9C6F-9356-EDB128CDA5FD}.Release|Any CPU.ActiveCfg = Release|Any CPU
		{64142C35-5D28-9C6F-9356-EDB128CDA5FD}.Release|Any CPU.Build.0 = Release|Any CPU
		{81CBFB84-42B2-EDE0-F6C7-187E7EA3A8CD}.Debug|Any CPU.ActiveCfg = Debug|Any CPU
		{81CBFB84-42B2-EDE0-F6C7-187E7EA3A8CD}.Debug|Any CPU.Build.0 = Debug|Any CPU
		{81CBFB84-42B2-EDE0-F6C7-187E7EA3A8CD}.Release|Any CPU.ActiveCfg = Release|Any CPU
		{81CBFB84-42B2-EDE0-F6C7-187E7EA3A8CD}.Release|Any CPU.Build.0 = Release|Any CPU
		{D5B0E156-9609-7DC0-F469-3445A591CD80}.Debug|Any CPU.ActiveCfg = Debug|Any CPU
		{D5B0E156-9609-7DC0-F469-3445A591CD80}.Debug|Any CPU.Build.0 = Debug|Any CPU
		{D5B0E156-9609-7DC0-F469-3445A591CD80}.Release|Any CPU.ActiveCfg = Release|Any CPU
		{D5B0E156-9609-7DC0-F469-3445A591CD80}.Release|Any CPU.Build.0 = Release|Any CPU
		{1F81DDF6-6613-A85D-2106-761138105F43}.Debug|Any CPU.ActiveCfg = Debug|Any CPU
		{1F81DDF6-6613-A85D-2106-761138105F43}.Debug|Any CPU.Build.0 = Debug|Any CPU
		{1F81DDF6-6613-A85D-2106-761138105F43}.Release|Any CPU.ActiveCfg = Release|Any CPU
		{1F81DDF6-6613-A85D-2106-761138105F43}.Release|Any CPU.Build.0 = Release|Any CPU
		{9A69BC31-758C-B43D-7B8C-D5E59ABE5753}.Debug|Any CPU.ActiveCfg = Debug|Any CPU
		{9A69BC31-758C-B43D-7B8C-D5E59ABE5753}.Debug|Any CPU.Build.0 = Debug|Any CPU
		{9A69BC31-758C-B43D-7B8C-D5E59ABE5753}.Release|Any CPU.ActiveCfg = Release|Any CPU
		{9A69BC31-758C-B43D-7B8C-D5E59ABE5753}.Release|Any CPU.Build.0 = Release|Any CPU
		{236B9C71-C1DA-9711-1C47-D3F40EBF4C1C}.Debug|Any CPU.ActiveCfg = Debug|Any CPU
		{236B9C71-C1DA-9711-1C47-D3F40EBF4C1C}.Debug|Any CPU.Build.0 = Debug|Any CPU
		{236B9C71-C1DA-9711-1C47-D3F40EBF4C1C}.Release|Any CPU.ActiveCfg = Release|Any CPU
		{236B9C71-C1DA-9711-1C47-D3F40EBF4C1C}.Release|Any CPU.Build.0 = Release|Any CPU
		{A617D695-90D4-FF10-6BEF-F3985638742C}.Debug|Any CPU.ActiveCfg = Debug|Any CPU
		{A617D695-90D4-FF10-6BEF-F3985638742C}.Debug|Any CPU.Build.0 = Debug|Any CPU
		{A617D695-90D4-FF10-6BEF-F3985638742C}.Release|Any CPU.ActiveCfg = Release|Any CPU
		{A617D695-90D4-FF10-6BEF-F3985638742C}.Release|Any CPU.Build.0 = Release|Any CPU
		{7EC31B93-D144-FFF5-D8C3-75D5ECF3B25C}.Debug|Any CPU.ActiveCfg = Debug|Any CPU
		{7EC31B93-D144-FFF5-D8C3-75D5ECF3B25C}.Debug|Any CPU.Build.0 = Debug|Any CPU
		{7EC31B93-D144-FFF5-D8C3-75D5ECF3B25C}.Release|Any CPU.ActiveCfg = Release|Any CPU
		{7EC31B93-D144-FFF5-D8C3-75D5ECF3B25C}.Release|Any CPU.Build.0 = Release|Any CPU
		{1267DBCE-791D-5C89-5AA0-522014FD6B0E}.Debug|Any CPU.ActiveCfg = Debug|Any CPU
		{1267DBCE-791D-5C89-5AA0-522014FD6B0E}.Debug|Any CPU.Build.0 = Debug|Any CPU
		{1267DBCE-791D-5C89-5AA0-522014FD6B0E}.Release|Any CPU.ActiveCfg = Release|Any CPU
		{1267DBCE-791D-5C89-5AA0-522014FD6B0E}.Release|Any CPU.Build.0 = Release|Any CPU
		{2D6533E1-AF95-C729-EE24-7AB9417FD7C9}.Debug|Any CPU.ActiveCfg = Debug|Any CPU
		{2D6533E1-AF95-C729-EE24-7AB9417FD7C9}.Debug|Any CPU.Build.0 = Debug|Any CPU
		{2D6533E1-AF95-C729-EE24-7AB9417FD7C9}.Release|Any CPU.ActiveCfg = Release|Any CPU
		{2D6533E1-AF95-C729-EE24-7AB9417FD7C9}.Release|Any CPU.Build.0 = Release|Any CPU
		{003FBDD0-F83F-2A80-7358-AD199C923EE3}.Debug|Any CPU.ActiveCfg = Debug|Any CPU
		{003FBDD0-F83F-2A80-7358-AD199C923EE3}.Debug|Any CPU.Build.0 = Debug|Any CPU
		{003FBDD0-F83F-2A80-7358-AD199C923EE3}.Release|Any CPU.ActiveCfg = Release|Any CPU
		{003FBDD0-F83F-2A80-7358-AD199C923EE3}.Release|Any CPU.Build.0 = Release|Any CPU
		{B5BB82D0-E3FF-B6B6-195E-E0295A36CCB5}.Debug|Any CPU.ActiveCfg = Debug|Any CPU
		{B5BB82D0-E3FF-B6B6-195E-E0295A36CCB5}.Debug|Any CPU.Build.0 = Debug|Any CPU
		{B5BB82D0-E3FF-B6B6-195E-E0295A36CCB5}.Release|Any CPU.ActiveCfg = Release|Any CPU
		{B5BB82D0-E3FF-B6B6-195E-E0295A36CCB5}.Release|Any CPU.Build.0 = Release|Any CPU
	EndGlobalSection
	GlobalSection(SolutionProperties) = preSolution
		HideSolutionNode = FALSE
	EndGlobalSection
	GlobalSection(NestedProjects) = preSolution
		{BF8FD084-94F8-38DE-BB18-5E564AAEEDD9} = {0C88DD14-F956-CE84-757C-A364CCF449FC}
		{3A181091-945D-D9F2-951D-DCB14B69B68A} = {0C88DD14-F956-CE84-757C-A364CCF449FC}
		{02DBF08A-77A4-D54A-CDB9-84AEF55EE3CE} = {0C88DD14-F956-CE84-757C-A364CCF449FC}
		{64142C35-5D28-9C6F-9356-EDB128CDA5FD} = {0C88DD14-F956-CE84-757C-A364CCF449FC}
		{81CBFB84-42B2-EDE0-F6C7-187E7EA3A8CD} = {0C88DD14-F956-CE84-757C-A364CCF449FC}
		{D5B0E156-9609-7DC0-F469-3445A591CD80} = {B36A84DF-456D-A817-6EDD-3EC3E7F6E11F}
		{1F81DDF6-6613-A85D-2106-761138105F43} = {B36A84DF-456D-A817-6EDD-3EC3E7F6E11F}
		{9A69BC31-758C-B43D-7B8C-D5E59ABE5753} = {B36A84DF-456D-A817-6EDD-3EC3E7F6E11F}
		{236B9C71-C1DA-9711-1C47-D3F40EBF4C1C} = {B36A84DF-456D-A817-6EDD-3EC3E7F6E11F}
		{A617D695-90D4-FF10-6BEF-F3985638742C} = {B36A84DF-456D-A817-6EDD-3EC3E7F6E11F}
		{7EC31B93-D144-FFF5-D8C3-75D5ECF3B25C} = {827E0CD3-B72D-47B6-A68D-7590B98EB39B}
		{1267DBCE-791D-5C89-5AA0-522014FD6B0E} = {827E0CD3-B72D-47B6-A68D-7590B98EB39B}
		{2D6533E1-AF95-C729-EE24-7AB9417FD7C9} = {827E0CD3-B72D-47B6-A68D-7590B98EB39B}
		{003FBDD0-F83F-2A80-7358-AD199C923EE3} = {827E0CD3-B72D-47B6-A68D-7590B98EB39B}
		{B5BB82D0-E3FF-B6B6-195E-E0295A36CCB5} = {827E0CD3-B72D-47B6-A68D-7590B98EB39B}
	EndGlobalSection
	GlobalSection(ExtensibilityGlobals) = postSolution
		SolutionGuid = {B28D36AD-C858-4D76-8018-BE29DD9FB1A2}
	EndGlobalSection
EndGlobal
