<Solution>
  <Folder Name="/apps/" />
  <Folder Name="/docs/">
    <File Path="README.md" />
    <File Path="ARCHITECTURE.md" />
    <File Path="docs\Protobuf_Configuration_Guide.md" />
    <File Path="docs\Serialization_Rules.md" />
  </Folder>
  <Folder Name="/examples/">
    <Project Path="examples\Demo.Agents\Demo.Agents.csproj" Type="Classic C#" />
    <Project Path="examples\Demo.Api\Demo.Api.csproj" Type="Classic C#" />
    <Project Path="examples\Demo.AppHost\Demo.AppHost.csproj" Type="Classic C#" />
    <Project Path="examples\EventSourcingDemo\EventSourcingDemo.csproj" Type="Classic C#" />
    <Project Path="examples\SimpleDemo\SimpleDemo.csproj" Type="Classic C#" />
  </Folder>
  <Folder Name="/src/">
    <Project Path="src\Aevatar.Agents.Abstractions\Aevatar.Agents.Abstractions.csproj" />
    <Project Path="src\Aevatar.Agents.Core\Aevatar.Agents.Core.csproj" />
    <Project Path="src\Aevatar.Agents.Local\Aevatar.Agents.Local.csproj" />
    <Project Path="src\Aevatar.Agents.Orleans\Aevatar.Agents.Orleans.csproj" />
    <Project Path="src\Aevatar.Agents.ProtoActor\Aevatar.Agents.ProtoActor.csproj" />
  </Folder>
  <Folder Name="/test/">
    <Project Path="test\Aevatar.Agents.Core.Tests\Aevatar.Agents.Core.Tests.csproj" />
    <Project Path="test\Aevatar.Agents.Local.Tests\Aevatar.Agents.Local.Tests.csproj" />
    <Project Path="test\Aevatar.Agents.Orleans.Tests\Aevatar.Agents.Orleans.Tests.csproj" Type="Classic C#" />
    <Project Path="test\Aevatar.Agents.ProtoActor.Tests\Aevatar.Agents.ProtoActor.Tests.csproj" />
    <Project Path="test\Aevatar.Agents.TestBase\Aevatar.Agents.TestBase.csproj" Type="Classic C#" />
    <File Path="test/README.md" />
  </Folder>
</Solution>