
Microsoft Visual Studio Solution File, Format Version 12.00
Project("{2150E333-8FDC-42A3-9474-1A3956D46DE8}") = "src", "src", "{FFC318F1-7E43-4B3C-B9E4-6049F13207CD}"
EndProject
Project("{2150E333-8FDC-42A3-9474-1A3956D46DE8}") = "test", "test", "{D49D43F9-480A-4A7A-837D-D883305839BE}"
EndProject
Project("{FAE04EC0-301F-11D3-BF4B-00C04F79EFBC}") = "Aevatar.Agents.Abstractions", "src\Aevatar.Agents.Abstractions\Aevatar.Agents.Abstractions.csproj", "{2C035164-4F2C-4D7E-8EFA-D1CB570BA799}"
EndProject
Project("{FAE04EC0-301F-11D3-BF4B-00C04F79EFBC}") = "Aevatar.Agents.Core", "src\Aevatar.Agents.Core\Aevatar.Agents.Core.csproj", "{86556705-F278-4736-9042-E8941544B76F}"
EndProject
Project("{FAE04EC0-301F-11D3-BF4B-00C04F79EFBC}") = "Aevatar.Agents.Local", "src\Aevatar.Agents.Local\Aevatar.Agents.Local.csproj", "{902DCB2B-FD4A-4EEC-9D2D-A976BA5FA488}"
EndProject
Project("{FAE04EC0-301F-11D3-BF4B-00C04F79EFBC}") = "Aevatar.Agents.Orleans", "src\Aevatar.Agents.Orleans\Aevatar.Agents.Orleans.csproj", "{C938F4A9-FA98-401E-9968-A936BCC755AF}"
EndProject
Project("{FAE04EC0-301F-11D3-BF4B-00C04F79EFBC}") = "Aevatar.Agents.Serialization", "src\Aevatar.Agents.Serialization\Aevatar.Agents.Serialization.csproj", "{587ED6A3-E1C2-42FC-8440-04D30ECBEA04}"
EndProject
Project("{FAE04EC0-301F-11D3-BF4B-00C04F79EFBC}") = "Aevatar.Agents.GAgents", "src\Aevatar.Agents.GAgents\Aevatar.Agents.GAgents.csproj", "{53399B79-CC1F-41DD-A461-7EAC6553C4D8}"
EndProject
Project("{2150E333-8FDC-42A3-9474-1A3956D46DE8}") = "docs", "docs", "{86468CF8-C8F9-419A-A04D-B8DBE9614061}"
	ProjectSection(SolutionItems) = preProject
		docs\AgentSystem_Architecture.md = docs\AgentSystem_Architecture.md
	EndProjectSection
EndProject
Project("{FAE04EC0-301F-11D3-BF4B-00C04F79EFBC}") = "Aevatar.Agents.ProtoActor", "src\Aevatar.Agents.ProtoActor\Aevatar.Agents.ProtoActor.csproj", "{4CE0810C-625E-4FC5-A078-6DA5C5941C0B}"
EndProject
Project("{FAE04EC0-301F-11D3-BF4B-00C04F79EFBC}") = "Aevatar.Agents.Core.Tests", "test\Aevatar.Agents.Core.Tests\Aevatar.Agents.Core.Tests.csproj", "{D87AEA86-594A-4D3E-B337-2A9B118FB7D7}"
EndProject
Project("{FAE04EC0-301F-11D3-BF4B-00C04F79EFBC}") = "Aevatar.Agents.Local.Tests", "test\Aevatar.Agents.Local.Tests\Aevatar.Agents.Local.Tests.csproj", "{F84F4BEF-8038-41A3-B1A4-CDED61377030}"
EndProject
Project("{FAE04EC0-301F-11D3-BF4B-00C04F79EFBC}") = "Aevatar.Agents.ProtoActor.Tests", "test\Aevatar.Agents.ProtoActor.Tests\Aevatar.Agents.ProtoActor.Tests.csproj", "{305023A1-415C-44E4-B7BC-A2C34DABD9FA}"
EndProject
Project("{FAE04EC0-301F-11D3-BF4B-00C04F79EFBC}") = "Aevatar.Agents.GAgents.Tests", "test\Aevatar.Agents.GAgents.Tests\Aevatar.Agents.GAgents.Tests.csproj", "{82E5F591-82A8-4836-BAE2-0169DF6E04D8}"
EndProject
Global
	GlobalSection(SolutionConfigurationPlatforms) = preSolution
		Debug|Any CPU = Debug|Any CPU
		Debug|x64 = Debug|x64
		Debug|x86 = Debug|x86
		Release|Any CPU = Release|Any CPU
		Release|x64 = Release|x64
		Release|x86 = Release|x86
	EndGlobalSection
	GlobalSection(ProjectConfigurationPlatforms) = postSolution
		{2C035164-4F2C-4D7E-8EFA-D1CB570BA799}.Debug|Any CPU.ActiveCfg = Debug|Any CPU
		{2C035164-4F2C-4D7E-8EFA-D1CB570BA799}.Debug|Any CPU.Build.0 = Debug|Any CPU
		{2C035164-4F2C-4D7E-8EFA-D1CB570BA799}.Debug|x64.ActiveCfg = Debug|Any CPU
		{2C035164-4F2C-4D7E-8EFA-D1CB570BA799}.Debug|x64.Build.0 = Debug|Any CPU
		{2C035164-4F2C-4D7E-8EFA-D1CB570BA799}.Debug|x86.ActiveCfg = Debug|Any CPU
		{2C035164-4F2C-4D7E-8EFA-D1CB570BA799}.Debug|x86.Build.0 = Debug|Any CPU
		{2C035164-4F2C-4D7E-8EFA-D1CB570BA799}.Release|Any CPU.ActiveCfg = Release|Any CPU
		{2C035164-4F2C-4D7E-8EFA-D1CB570BA799}.Release|Any CPU.Build.0 = Release|Any CPU
		{2C035164-4F2C-4D7E-8EFA-D1CB570BA799}.Release|x64.ActiveCfg = Release|Any CPU
		{2C035164-4F2C-4D7E-8EFA-D1CB570BA799}.Release|x64.Build.0 = Release|Any CPU
		{2C035164-4F2C-4D7E-8EFA-D1CB570BA799}.Release|x86.ActiveCfg = Release|Any CPU
		{2C035164-4F2C-4D7E-8EFA-D1CB570BA799}.Release|x86.Build.0 = Release|Any CPU
		{86556705-F278-4736-9042-E8941544B76F}.Debug|Any CPU.ActiveCfg = Debug|Any CPU
		{86556705-F278-4736-9042-E8941544B76F}.Debug|Any CPU.Build.0 = Debug|Any CPU
		{86556705-F278-4736-9042-E8941544B76F}.Debug|x64.ActiveCfg = Debug|Any CPU
		{86556705-F278-4736-9042-E8941544B76F}.Debug|x64.Build.0 = Debug|Any CPU
		{86556705-F278-4736-9042-E8941544B76F}.Debug|x86.ActiveCfg = Debug|Any CPU
		{86556705-F278-4736-9042-E8941544B76F}.Debug|x86.Build.0 = Debug|Any CPU
		{86556705-F278-4736-9042-E8941544B76F}.Release|Any CPU.ActiveCfg = Release|Any CPU
		{86556705-F278-4736-9042-E8941544B76F}.Release|Any CPU.Build.0 = Release|Any CPU
		{86556705-F278-4736-9042-E8941544B76F}.Release|x64.ActiveCfg = Release|Any CPU
		{86556705-F278-4736-9042-E8941544B76F}.Release|x64.Build.0 = Release|Any CPU
		{86556705-F278-4736-9042-E8941544B76F}.Release|x86.ActiveCfg = Release|Any CPU
		{86556705-F278-4736-9042-E8941544B76F}.Release|x86.Build.0 = Release|Any CPU
		{902DCB2B-FD4A-4EEC-9D2D-A976BA5FA488}.Debug|Any CPU.ActiveCfg = Debug|Any CPU
		{902DCB2B-FD4A-4EEC-9D2D-A976BA5FA488}.Debug|Any CPU.Build.0 = Debug|Any CPU
		{902DCB2B-FD4A-4EEC-9D2D-A976BA5FA488}.Debug|x64.ActiveCfg = Debug|Any CPU
		{902DCB2B-FD4A-4EEC-9D2D-A976BA5FA488}.Debug|x64.Build.0 = Debug|Any CPU
		{902DCB2B-FD4A-4EEC-9D2D-A976BA5FA488}.Debug|x86.ActiveCfg = Debug|Any CPU
		{902DCB2B-FD4A-4EEC-9D2D-A976BA5FA488}.Debug|x86.Build.0 = Debug|Any CPU
		{902DCB2B-FD4A-4EEC-9D2D-A976BA5FA488}.Release|Any CPU.ActiveCfg = Release|Any CPU
		{902DCB2B-FD4A-4EEC-9D2D-A976BA5FA488}.Release|Any CPU.Build.0 = Release|Any CPU
		{902DCB2B-FD4A-4EEC-9D2D-A976BA5FA488}.Release|x64.ActiveCfg = Release|Any CPU
		{902DCB2B-FD4A-4EEC-9D2D-A976BA5FA488}.Release|x64.Build.0 = Release|Any CPU
		{902DCB2B-FD4A-4EEC-9D2D-A976BA5FA488}.Release|x86.ActiveCfg = Release|Any CPU
		{902DCB2B-FD4A-4EEC-9D2D-A976BA5FA488}.Release|x86.Build.0 = Release|Any CPU
		{C938F4A9-FA98-401E-9968-A936BCC755AF}.Debug|Any CPU.ActiveCfg = Debug|Any CPU
		{C938F4A9-FA98-401E-9968-A936BCC755AF}.Debug|Any CPU.Build.0 = Debug|Any CPU
		{C938F4A9-FA98-401E-9968-A936BCC755AF}.Debug|x64.ActiveCfg = Debug|Any CPU
		{C938F4A9-FA98-401E-9968-A936BCC755AF}.Debug|x64.Build.0 = Debug|Any CPU
		{C938F4A9-FA98-401E-9968-A936BCC755AF}.Debug|x86.ActiveCfg = Debug|Any CPU
		{C938F4A9-FA98-401E-9968-A936BCC755AF}.Debug|x86.Build.0 = Debug|Any CPU
		{C938F4A9-FA98-401E-9968-A936BCC755AF}.Release|Any CPU.ActiveCfg = Release|Any CPU
		{C938F4A9-FA98-401E-9968-A936BCC755AF}.Release|Any CPU.Build.0 = Release|Any CPU
		{C938F4A9-FA98-401E-9968-A936BCC755AF}.Release|x64.ActiveCfg = Release|Any CPU
		{C938F4A9-FA98-401E-9968-A936BCC755AF}.Release|x64.Build.0 = Release|Any CPU
		{C938F4A9-FA98-401E-9968-A936BCC755AF}.Release|x86.ActiveCfg = Release|Any CPU
		{C938F4A9-FA98-401E-9968-A936BCC755AF}.Release|x86.Build.0 = Release|Any CPU
		{587ED6A3-E1C2-42FC-8440-04D30ECBEA04}.Debug|Any CPU.ActiveCfg = Debug|Any CPU
		{587ED6A3-E1C2-42FC-8440-04D30ECBEA04}.Debug|Any CPU.Build.0 = Debug|Any CPU
		{587ED6A3-E1C2-42FC-8440-04D30ECBEA04}.Debug|x64.ActiveCfg = Debug|Any CPU
		{587ED6A3-E1C2-42FC-8440-04D30ECBEA04}.Debug|x64.Build.0 = Debug|Any CPU
		{587ED6A3-E1C2-42FC-8440-04D30ECBEA04}.Debug|x86.ActiveCfg = Debug|Any CPU
		{587ED6A3-E1C2-42FC-8440-04D30ECBEA04}.Debug|x86.Build.0 = Debug|Any CPU
		{587ED6A3-E1C2-42FC-8440-04D30ECBEA04}.Release|Any CPU.ActiveCfg = Release|Any CPU
		{587ED6A3-E1C2-42FC-8440-04D30ECBEA04}.Release|Any CPU.Build.0 = Release|Any CPU
		{587ED6A3-E1C2-42FC-8440-04D30ECBEA04}.Release|x64.ActiveCfg = Release|Any CPU
		{587ED6A3-E1C2-42FC-8440-04D30ECBEA04}.Release|x64.Build.0 = Release|Any CPU
		{587ED6A3-E1C2-42FC-8440-04D30ECBEA04}.Release|x86.ActiveCfg = Release|Any CPU
		{587ED6A3-E1C2-42FC-8440-04D30ECBEA04}.Release|x86.Build.0 = Release|Any CPU
		{53399B79-CC1F-41DD-A461-7EAC6553C4D8}.Debug|Any CPU.ActiveCfg = Debug|Any CPU
		{53399B79-CC1F-41DD-A461-7EAC6553C4D8}.Debug|Any CPU.Build.0 = Debug|Any CPU
		{53399B79-CC1F-41DD-A461-7EAC6553C4D8}.Debug|x64.ActiveCfg = Debug|Any CPU
		{53399B79-CC1F-41DD-A461-7EAC6553C4D8}.Debug|x64.Build.0 = Debug|Any CPU
		{53399B79-CC1F-41DD-A461-7EAC6553C4D8}.Debug|x86.ActiveCfg = Debug|Any CPU
		{53399B79-CC1F-41DD-A461-7EAC6553C4D8}.Debug|x86.Build.0 = Debug|Any CPU
		{53399B79-CC1F-41DD-A461-7EAC6553C4D8}.Release|Any CPU.ActiveCfg = Release|Any CPU
		{53399B79-CC1F-41DD-A461-7EAC6553C4D8}.Release|Any CPU.Build.0 = Release|Any CPU
		{53399B79-CC1F-41DD-A461-7EAC6553C4D8}.Release|x64.ActiveCfg = Release|Any CPU
		{53399B79-CC1F-41DD-A461-7EAC6553C4D8}.Release|x64.Build.0 = Release|Any CPU
		{53399B79-CC1F-41DD-A461-7EAC6553C4D8}.Release|x86.ActiveCfg = Release|Any CPU
		{53399B79-CC1F-41DD-A461-7EAC6553C4D8}.Release|x86.Build.0 = Release|Any CPU
		{4CE0810C-625E-4FC5-A078-6DA5C5941C0B}.Debug|Any CPU.ActiveCfg = Debug|Any CPU
		{4CE0810C-625E-4FC5-A078-6DA5C5941C0B}.Debug|Any CPU.Build.0 = Debug|Any CPU
		{4CE0810C-625E-4FC5-A078-6DA5C5941C0B}.Debug|x64.ActiveCfg = Debug|Any CPU
		{4CE0810C-625E-4FC5-A078-6DA5C5941C0B}.Debug|x64.Build.0 = Debug|Any CPU
		{4CE0810C-625E-4FC5-A078-6DA5C5941C0B}.Debug|x86.ActiveCfg = Debug|Any CPU
		{4CE0810C-625E-4FC5-A078-6DA5C5941C0B}.Debug|x86.Build.0 = Debug|Any CPU
		{4CE0810C-625E-4FC5-A078-6DA5C5941C0B}.Release|Any CPU.ActiveCfg = Release|Any CPU
		{4CE0810C-625E-4FC5-A078-6DA5C5941C0B}.Release|Any CPU.Build.0 = Release|Any CPU
		{4CE0810C-625E-4FC5-A078-6DA5C5941C0B}.Release|x64.ActiveCfg = Release|Any CPU
		{4CE0810C-625E-4FC5-A078-6DA5C5941C0B}.Release|x64.Build.0 = Release|Any CPU
		{4CE0810C-625E-4FC5-A078-6DA5C5941C0B}.Release|x86.ActiveCfg = Release|Any CPU
		{4CE0810C-625E-4FC5-A078-6DA5C5941C0B}.Release|x86.Build.0 = Release|Any CPU
		{D87AEA86-594A-4D3E-B337-2A9B118FB7D7}.Debug|Any CPU.ActiveCfg = Debug|Any CPU
		{D87AEA86-594A-4D3E-B337-2A9B118FB7D7}.Debug|Any CPU.Build.0 = Debug|Any CPU
		{D87AEA86-594A-4D3E-B337-2A9B118FB7D7}.Debug|x64.ActiveCfg = Debug|Any CPU
		{D87AEA86-594A-4D3E-B337-2A9B118FB7D7}.Debug|x64.Build.0 = Debug|Any CPU
		{D87AEA86-594A-4D3E-B337-2A9B118FB7D7}.Debug|x86.ActiveCfg = Debug|Any CPU
		{D87AEA86-594A-4D3E-B337-2A9B118FB7D7}.Debug|x86.Build.0 = Debug|Any CPU
		{D87AEA86-594A-4D3E-B337-2A9B118FB7D7}.Release|Any CPU.ActiveCfg = Release|Any CPU
		{D87AEA86-594A-4D3E-B337-2A9B118FB7D7}.Release|Any CPU.Build.0 = Release|Any CPU
		{D87AEA86-594A-4D3E-B337-2A9B118FB7D7}.Release|x64.ActiveCfg = Release|Any CPU
		{D87AEA86-594A-4D3E-B337-2A9B118FB7D7}.Release|x64.Build.0 = Release|Any CPU
		{D87AEA86-594A-4D3E-B337-2A9B118FB7D7}.Release|x86.ActiveCfg = Release|Any CPU
		{D87AEA86-594A-4D3E-B337-2A9B118FB7D7}.Release|x86.Build.0 = Release|Any CPU
		{F84F4BEF-8038-41A3-B1A4-CDED61377030}.Debug|Any CPU.ActiveCfg = Debug|Any CPU
		{F84F4BEF-8038-41A3-B1A4-CDED61377030}.Debug|Any CPU.Build.0 = Debug|Any CPU
		{F84F4BEF-8038-41A3-B1A4-CDED61377030}.Debug|x64.ActiveCfg = Debug|Any CPU
		{F84F4BEF-8038-41A3-B1A4-CDED61377030}.Debug|x64.Build.0 = Debug|Any CPU
		{F84F4BEF-8038-41A3-B1A4-CDED61377030}.Debug|x86.ActiveCfg = Debug|Any CPU
		{F84F4BEF-8038-41A3-B1A4-CDED61377030}.Debug|x86.Build.0 = Debug|Any CPU
		{F84F4BEF-8038-41A3-B1A4-CDED61377030}.Release|Any CPU.ActiveCfg = Release|Any CPU
		{F84F4BEF-8038-41A3-B1A4-CDED61377030}.Release|Any CPU.Build.0 = Release|Any CPU
		{F84F4BEF-8038-41A3-B1A4-CDED61377030}.Release|x64.ActiveCfg = Release|Any CPU
		{F84F4BEF-8038-41A3-B1A4-CDED61377030}.Release|x64.Build.0 = Release|Any CPU
		{F84F4BEF-8038-41A3-B1A4-CDED61377030}.Release|x86.ActiveCfg = Release|Any CPU
		{F84F4BEF-8038-41A3-B1A4-CDED61377030}.Release|x86.Build.0 = Release|Any CPU
		{305023A1-415C-44E4-B7BC-A2C34DABD9FA}.Debug|Any CPU.ActiveCfg = Debug|Any CPU
		{305023A1-415C-44E4-B7BC-A2C34DABD9FA}.Debug|Any CPU.Build.0 = Debug|Any CPU
		{305023A1-415C-44E4-B7BC-A2C34DABD9FA}.Debug|x64.ActiveCfg = Debug|Any CPU
		{305023A1-415C-44E4-B7BC-A2C34DABD9FA}.Debug|x64.Build.0 = Debug|Any CPU
		{305023A1-415C-44E4-B7BC-A2C34DABD9FA}.Debug|x86.ActiveCfg = Debug|Any CPU
		{305023A1-415C-44E4-B7BC-A2C34DABD9FA}.Debug|x86.Build.0 = Debug|Any CPU
		{305023A1-415C-44E4-B7BC-A2C34DABD9FA}.Release|Any CPU.ActiveCfg = Release|Any CPU
		{305023A1-415C-44E4-B7BC-A2C34DABD9FA}.Release|Any CPU.Build.0 = Release|Any CPU
		{305023A1-415C-44E4-B7BC-A2C34DABD9FA}.Release|x64.ActiveCfg = Release|Any CPU
		{305023A1-415C-44E4-B7BC-A2C34DABD9FA}.Release|x64.Build.0 = Release|Any CPU
		{305023A1-415C-44E4-B7BC-A2C34DABD9FA}.Release|x86.ActiveCfg = Release|Any CPU
		{305023A1-415C-44E4-B7BC-A2C34DABD9FA}.Release|x86.Build.0 = Release|Any CPU
		{82E5F591-82A8-4836-BAE2-0169DF6E04D8}.Debug|Any CPU.ActiveCfg = Debug|Any CPU
		{82E5F591-82A8-4836-BAE2-0169DF6E04D8}.Debug|Any CPU.Build.0 = Debug|Any CPU
		{82E5F591-82A8-4836-BAE2-0169DF6E04D8}.Debug|x64.ActiveCfg = Debug|Any CPU
		{82E5F591-82A8-4836-BAE2-0169DF6E04D8}.Debug|x64.Build.0 = Debug|Any CPU
		{82E5F591-82A8-4836-BAE2-0169DF6E04D8}.Debug|x86.ActiveCfg = Debug|Any CPU
		{82E5F591-82A8-4836-BAE2-0169DF6E04D8}.Debug|x86.Build.0 = Debug|Any CPU
		{82E5F591-82A8-4836-BAE2-0169DF6E04D8}.Release|Any CPU.ActiveCfg = Release|Any CPU
		{82E5F591-82A8-4836-BAE2-0169DF6E04D8}.Release|Any CPU.Build.0 = Release|Any CPU
		{82E5F591-82A8-4836-BAE2-0169DF6E04D8}.Release|x64.ActiveCfg = Release|Any CPU
		{82E5F591-82A8-4836-BAE2-0169DF6E04D8}.Release|x64.Build.0 = Release|Any CPU
		{82E5F591-82A8-4836-BAE2-0169DF6E04D8}.Release|x86.ActiveCfg = Release|Any CPU
		{82E5F591-82A8-4836-BAE2-0169DF6E04D8}.Release|x86.Build.0 = Release|Any CPU
	EndGlobalSection
	GlobalSection(SolutionProperties) = preSolution
		HideSolutionNode = FALSE
	EndGlobalSection
	GlobalSection(NestedProjects) = preSolution
		{2C035164-4F2C-4D7E-8EFA-D1CB570BA799} = {FFC318F1-7E43-4B3C-B9E4-6049F13207CD}
		{86556705-F278-4736-9042-E8941544B76F} = {FFC318F1-7E43-4B3C-B9E4-6049F13207CD}
		{902DCB2B-FD4A-4EEC-9D2D-A976BA5FA488} = {FFC318F1-7E43-4B3C-B9E4-6049F13207CD}
		{C938F4A9-FA98-401E-9968-A936BCC755AF} = {FFC318F1-7E43-4B3C-B9E4-6049F13207CD}
		{587ED6A3-E1C2-42FC-8440-04D30ECBEA04} = {FFC318F1-7E43-4B3C-B9E4-6049F13207CD}
		{53399B79-CC1F-41DD-A461-7EAC6553C4D8} = {FFC318F1-7E43-4B3C-B9E4-6049F13207CD}
		{4CE0810C-625E-4FC5-A078-6DA5C5941C0B} = {FFC318F1-7E43-4B3C-B9E4-6049F13207CD}
		{D87AEA86-594A-4D3E-B337-2A9B118FB7D7} = {D49D43F9-480A-4A7A-837D-D883305839BE}
		{F84F4BEF-8038-41A3-B1A4-CDED61377030} = {D49D43F9-480A-4A7A-837D-D883305839BE}
		{305023A1-415C-44E4-B7BC-A2C34DABD9FA} = {D49D43F9-480A-4A7A-837D-D883305839BE}
		{82E5F591-82A8-4836-BAE2-0169DF6E04D8} = {D49D43F9-480A-4A7A-837D-D883305839BE}
	EndGlobalSection
EndGlobal
